{
  "pins" : [
    {
      "identity" : "tpcircularbuffer",
      "kind" : "remoteSourceControl",
      "location" : "https://github.com/michaeltyson/TPCircularBuffer",
      "state" : {
        "revision" : "8833b3a73fab6530cc51e2063a85cced01714cfb",
        "version" : "1.6.2"
      }
    }
  ],
  "version" : 2
}
